
Microsoft Visual Studio Solution File, Format Version 12.00
# Visual Studio 15
VisualStudioVersion = 15.0.28307.271
MinimumVisualStudioVersion = 10.0.40219.1
Project("{8BC9CEB8-8B4A-11D0-8D11-00A0C91BC942}") = "2019CG_Lab4_105502519", "2019CG_Lab4_105502519\2019CG_Lab4_105502519.vcxproj", "{C5979BDC-14F5-4729-BF6C-4D92EAE67E65}"
EndProject
Global
	GlobalSection(SolutionConfigurationPlatforms) = preSolution
		Debug|x64 = Debug|x64
		Debug|x86 = Debug|x86
		Release|x64 = Release|x64
		Release|x86 = Release|x86
	EndGlobalSection
	GlobalSection(ProjectConfigurationPlatforms) = postSolution
		{C5979BDC-14F5-4729-BF6C-4D92EAE67E65}.Debug|x64.ActiveCfg = Debug|x64
		{C5979BDC-14F5-4729-BF6C-4D92EAE67E65}.Debug|x64.Build.0 = Debug|x64
		{C5979BDC-14F5-4729-BF6C-4D92EAE67E65}.Debug|x86.ActiveCfg = Debug|Win32
		{C5979BDC-14F5-4729-BF6C-4D92EAE67E65}.Debug|x86.Build.0 = Debug|Win32
		{C5979BDC-14F5-4729-BF6C-4D92EAE67E65}.Release|x64.ActiveCfg = Release|x64
		{C5979BDC-14F5-4729-BF6C-4D92EAE67E65}.Release|x64.Build.0 = Release|x64
		{C5979BDC-14F5-4729-BF6C-4D92EAE67E65}.Release|x86.ActiveCfg = Release|Win32
		{C5979BDC-14F5-4729-BF6C-4D92EAE67E65}.Release|x86.Build.0 = Release|Win32
	EndGlobalSection
	GlobalSection(SolutionProperties) = preSolution
		HideSolutionNode = FALSE
	EndGlobalSection
	GlobalSection(ExtensibilityGlobals) = postSolution
		SolutionGuid = {75D0E82B-6172-4189-9CB2-D786536A02AE}
	EndGlobalSection
EndGlobal
